<?xml version="1.0" encoding="utf-8"?>
<Project ToolsVersion="4.0" xmlns="http://schemas.microsoft.com/developer/msbuild/2003">
  <ItemGroup>
    <ClCompile Include="..\src\Memory_manager\Tester.cpp" />
    <ClCompile Include="..\src\Memory_manager\MemMngr_shepd1.cpp" />
  </ItemGroup>
  <ItemGroup>
    <ClInclude Include="..\src\Memory_manager\MemMngr_shepd1.h" />
  </ItemGroup>
</Project>