
Microsoft Visual Studio Solution File, Format Version 12.00
# Visual Studio 15
VisualStudioVersion = 15.0.27130.2036
MinimumVisualStudioVersion = 10.0.40219.1
Project("{8BC9CEB8-8B4A-11D0-8D11-00A0C91BC942}") = "Operator_Overloading", "..\Operator_Overloading\Operator_Overloading.vcxproj", "{2735453E-F455-426B-BE64-6D9FE48EC7F2}"
EndProject
Project("{8BC9CEB8-8B4A-11D0-8D11-00A0C91BC942}") = "Memory_Manager", "..\Memory_Manager\Memory_Manager.vcxproj", "{7B124633-5ED3-454F-80B1-46A788E47FB9}"
EndProject
Global
	GlobalSection(SolutionConfigurationPlatforms) = preSolution
		Debug|x64 = Debug|x64
		Debug|x86 = Debug|x86
		Release|x64 = Release|x64
		Release|x86 = Release|x86
	EndGlobalSection
	GlobalSection(ProjectConfigurationPlatforms) = postSolution
		{2735453E-F455-426B-BE64-6D9FE48EC7F2}.Debug|x64.ActiveCfg = Debug|x64
		{2735453E-F455-426B-BE64-6D9FE48EC7F2}.Debug|x64.Build.0 = Debug|x64
		{2735453E-F455-426B-BE64-6D9FE48EC7F2}.Debug|x86.ActiveCfg = Debug|Win32
		{2735453E-F455-426B-BE64-6D9FE48EC7F2}.Debug|x86.Build.0 = Debug|Win32
		{2735453E-F455-426B-BE64-6D9FE48EC7F2}.Release|x64.ActiveCfg = Release|x64
		{2735453E-F455-426B-BE64-6D9FE48EC7F2}.Release|x64.Build.0 = Release|x64
		{2735453E-F455-426B-BE64-6D9FE48EC7F2}.Release|x86.ActiveCfg = Release|Win32
		{2735453E-F455-426B-BE64-6D9FE48EC7F2}.Release|x86.Build.0 = Release|Win32
		{7B124633-5ED3-454F-80B1-46A788E47FB9}.Debug|x64.ActiveCfg = Debug|x64
		{7B124633-5ED3-454F-80B1-46A788E47FB9}.Debug|x64.Build.0 = Debug|x64
		{7B124633-5ED3-454F-80B1-46A788E47FB9}.Debug|x86.ActiveCfg = Debug|Win32
		{7B124633-5ED3-454F-80B1-46A788E47FB9}.Debug|x86.Build.0 = Debug|Win32
		{7B124633-5ED3-454F-80B1-46A788E47FB9}.Release|x64.ActiveCfg = Release|x64
		{7B124633-5ED3-454F-80B1-46A788E47FB9}.Release|x64.Build.0 = Release|x64
		{7B124633-5ED3-454F-80B1-46A788E47FB9}.Release|x86.ActiveCfg = Release|Win32
		{7B124633-5ED3-454F-80B1-46A788E47FB9}.Release|x86.Build.0 = Release|Win32
	EndGlobalSection
	GlobalSection(SolutionProperties) = preSolution
		HideSolutionNode = FALSE
	EndGlobalSection
	GlobalSection(ExtensibilityGlobals) = postSolution
		SolutionGuid = {B5F63CE8-B338-42EC-BE73-46EAB1AA86A6}
	EndGlobalSection
EndGlobal
